
Microsoft Visual Studio Solution File, Format Version 12.00
# Visual Studio Version 17
VisualStudioVersion = 17.1.31911.260
MinimumVisualStudioVersion = 10.0.40219.1
Project("{9A19103F-16F7-4668-BE54-9A1E7A4F7556}") = "ConsoleEchoPrintSharp", "ConsoleEchoPrintSharp\ConsoleEchoPrintSharp.csproj", "{3334EA0F-6509-4B50-B35A-36C80766943B}"
EndProject
Project("{9A19103F-16F7-4668-BE54-9A1E7A4F7556}") = "EchoPrintSharp", "EchoPrintSharp\EchoPrintSharp.csproj", "{07B57595-FEB4-402E-8D6E-447160975895}"
EndProject
Project("{FAE04EC0-301F-11D3-BF4B-00C04F79EFBC}") = "TestEchoPrintSharp", "TestEchoPrintSharp\TestEchoPrintSharp.csproj", "{869ABD4C-303C-4758-BEE7-C5BC92A925F3}"
EndProject
Global
	GlobalSection(SolutionConfigurationPlatforms) = preSolution
		Debug|Any CPU = Debug|Any CPU
		Release|Any CPU = Release|Any CPU
	EndGlobalSection
	GlobalSection(ProjectConfigurationPlatforms) = postSolution
		{3334EA0F-6509-4B50-B35A-36C80766943B}.Debug|Any CPU.ActiveCfg = Debug|Any CPU
		{3334EA0F-6509-4B50-B35A-36C80766943B}.Debug|Any CPU.Build.0 = Debug|Any CPU
		{3334EA0F-6509-4B50-B35A-36C80766943B}.Release|Any CPU.ActiveCfg = Release|Any CPU
		{3334EA0F-6509-4B50-B35A-36C80766943B}.Release|Any CPU.Build.0 = Release|Any CPU
		{07B57595-FEB4-402E-8D6E-447160975895}.Debug|Any CPU.ActiveCfg = Debug|Any CPU
		{07B57595-FEB4-402E-8D6E-447160975895}.Debug|Any CPU.Build.0 = Debug|Any CPU
		{07B57595-FEB4-402E-8D6E-447160975895}.Release|Any CPU.ActiveCfg = Release|Any CPU
		{07B57595-FEB4-402E-8D6E-447160975895}.Release|Any CPU.Build.0 = Release|Any CPU
		{869ABD4C-303C-4758-BEE7-C5BC92A925F3}.Debug|Any CPU.ActiveCfg = Debug|Any CPU
		{869ABD4C-303C-4758-BEE7-C5BC92A925F3}.Debug|Any CPU.Build.0 = Debug|Any CPU
		{869ABD4C-303C-4758-BEE7-C5BC92A925F3}.Release|Any CPU.ActiveCfg = Release|Any CPU
		{869ABD4C-303C-4758-BEE7-C5BC92A925F3}.Release|Any CPU.Build.0 = Release|Any CPU
	EndGlobalSection
	GlobalSection(SolutionProperties) = preSolution
		HideSolutionNode = FALSE
	EndGlobalSection
	GlobalSection(ExtensibilityGlobals) = postSolution
		SolutionGuid = {8B3CE6F4-B2C0-4689-A0EC-52DA304B2CF3}
	EndGlobalSection
EndGlobal
